<?xml version="1.0" encoding="utf-8"?>
<Project ToolsVersion="4.0" xmlns="http://schemas.microsoft.com/developer/msbuild/2003">
  <ItemGroup>
    <Filter Include="third_party">
      <UniqueIdentifier>{0FB18DF1-7B66-06E7-045B-00BE700FFDEA}</UniqueIdentifier>
    </Filter>
  </ItemGroup>
  <ItemGroup>
    <ClInclude Include="src\AHTMLBuilder.h" />
    <ClInclude Include="src\AHTTPConsoleLogger.h" />
    <ClInclude Include="src\Configuration.h" />
    <ClInclude Include="src\HTMLBuilder.h" />
    <ClInclude Include="src\HTTPPath.h" />
    <ClInclude Include="src\HttpRequest.h" />
    <ClInclude Include="src\HttpResponse.h" />
    <ClInclude Include="src\JSON.h" />
    <ClInclude Include="src\Server.h" />
    <ClInclude Include="src\ServerHandler.h" />
    <ClInclude Include="src\Utils.h" />
    <ClInclude Include="src\third_party\tinyxml2.h">
      <Filter>third_party</Filter>
    </ClInclude>
  </ItemGroup>
  <ItemGroup>
    <ClCompile Include="src\AHTMLBuilder.cpp" />
    <ClCompile Include="src\AHTTPConsoleLogger.cpp" />
    <ClCompile Include="src\HTTPPath.cpp" />
    <ClCompile Include="src\HttpRequest.cpp" />
    <ClCompile Include="src\HttpResponse.cpp" />
    <ClCompile Include="src\JSON.cpp" />
    <ClCompile Include="src\Server.cpp" />
    <ClCompile Include="src\main.cpp" />
    <ClCompile Include="src\third_party\tinyxml2.cpp">
      <Filter>third_party</Filter>
    </ClCompile>
  </ItemGroup>
</Project>